
Microsoft Visual Studio Solution File, Format Version 12.00
# Visual Studio Version 16
VisualStudioVersion = 16.0.31829.152
MinimumVisualStudioVersion = 10.0.40219.1
Project("{FAE04EC0-301F-11D3-BF4B-00C04F79EFBC}") = "nz-vs2019-prDemo2", "nz-vs2019-prDemo2\nz-vs2019-prDemo2.csproj", "{06BFB5E7-75C9-42CD-AAC4-C67BF588BAE0}"
EndProject
Global
	GlobalSection(SolutionConfigurationPlatforms) = preSolution
		Debug|Any CPU = Debug|Any CPU
		Release|Any CPU = Release|Any CPU
	EndGlobalSection
	GlobalSection(ProjectConfigurationPlatforms) = postSolution
		{06BFB5E7-75C9-42CD-AAC4-C67BF588BAE0}.Debug|Any CPU.ActiveCfg = Debug|Any CPU
		{06BFB5E7-75C9-42CD-AAC4-C67BF588BAE0}.Debug|Any CPU.Build.0 = Debug|Any CPU
		{06BFB5E7-75C9-42CD-AAC4-C67BF588BAE0}.Release|Any CPU.ActiveCfg = Release|Any CPU
		{06BFB5E7-75C9-42CD-AAC4-C67BF588BAE0}.Release|Any CPU.Build.0 = Release|Any CPU
	EndGlobalSection
	GlobalSection(SolutionProperties) = preSolution
		HideSolutionNode = FALSE
	EndGlobalSection
	GlobalSection(ExtensibilityGlobals) = postSolution
		SolutionGuid = {38B9E124-A2FD-4F6F-9E93-BFC0EB65C732}
	EndGlobalSection
EndGlobal
